
Microsoft Visual Studio Solution File, Format Version 12.00
# Visual Studio 2013
VisualStudioVersion = 12.0.21005.1
MinimumVisualStudioVersion = 10.0.40219.1
Project("{FAE04EC0-301F-11D3-BF4B-00C04F79EFBC}") = "BusinessEntities", "BusinessEntities\BusinessEntities.csproj", "{0C853FA2-2452-42C5-93C4-3702B64D5341}"
EndProject
Project("{FAE04EC0-301F-11D3-BF4B-00C04F79EFBC}") = "BusinessServices", "BusinessServices\BusinessServices.csproj", "{E36767D7-3272-476E-B5A8-BF06F7CE2992}"
EndProject
Project("{FAE04EC0-301F-11D3-BF4B-00C04F79EFBC}") = "DataModel", "DataModel\DataModel.csproj", "{6DF665A5-306D-48F8-8E3F-6A50CE488C24}"
EndProject
Project("{FAE04EC0-301F-11D3-BF4B-00C04F79EFBC}") = "Resolver", "Resolver\Resolver.csproj", "{76675642-6587-48C7-B994-08E7514D8F99}"
EndProject
Project("{FAE04EC0-301F-11D3-BF4B-00C04F79EFBC}") = "WebApi", "WebApi\WebApi.csproj", "{2B8EDB55-43F8-42E0-BD97-19DDAD1057A7}"
EndProject
Global
	GlobalSection(SolutionConfigurationPlatforms) = preSolution
		Debug|Any CPU = Debug|Any CPU
		Release|Any CPU = Release|Any CPU
	EndGlobalSection
	GlobalSection(ProjectConfigurationPlatforms) = postSolution
		{0C853FA2-2452-42C5-93C4-3702B64D5341}.Debug|Any CPU.ActiveCfg = Debug|Any CPU
		{0C853FA2-2452-42C5-93C4-3702B64D5341}.Debug|Any CPU.Build.0 = Debug|Any CPU
		{0C853FA2-2452-42C5-93C4-3702B64D5341}.Release|Any CPU.ActiveCfg = Release|Any CPU
		{0C853FA2-2452-42C5-93C4-3702B64D5341}.Release|Any CPU.Build.0 = Release|Any CPU
		{E36767D7-3272-476E-B5A8-BF06F7CE2992}.Debug|Any CPU.ActiveCfg = Debug|Any CPU
		{E36767D7-3272-476E-B5A8-BF06F7CE2992}.Debug|Any CPU.Build.0 = Debug|Any CPU
		{E36767D7-3272-476E-B5A8-BF06F7CE2992}.Release|Any CPU.ActiveCfg = Release|Any CPU
		{E36767D7-3272-476E-B5A8-BF06F7CE2992}.Release|Any CPU.Build.0 = Release|Any CPU
		{6DF665A5-306D-48F8-8E3F-6A50CE488C24}.Debug|Any CPU.ActiveCfg = Debug|Any CPU
		{6DF665A5-306D-48F8-8E3F-6A50CE488C24}.Debug|Any CPU.Build.0 = Debug|Any CPU
		{6DF665A5-306D-48F8-8E3F-6A50CE488C24}.Release|Any CPU.ActiveCfg = Release|Any CPU
		{6DF665A5-306D-48F8-8E3F-6A50CE488C24}.Release|Any CPU.Build.0 = Release|Any CPU
		{76675642-6587-48C7-B994-08E7514D8F99}.Debug|Any CPU.ActiveCfg = Debug|Any CPU
		{76675642-6587-48C7-B994-08E7514D8F99}.Debug|Any CPU.Build.0 = Debug|Any CPU
		{76675642-6587-48C7-B994-08E7514D8F99}.Release|Any CPU.ActiveCfg = Release|Any CPU
		{76675642-6587-48C7-B994-08E7514D8F99}.Release|Any CPU.Build.0 = Release|Any CPU
		{2B8EDB55-43F8-42E0-BD97-19DDAD1057A7}.Debug|Any CPU.ActiveCfg = Debug|Any CPU
		{2B8EDB55-43F8-42E0-BD97-19DDAD1057A7}.Debug|Any CPU.Build.0 = Debug|Any CPU
		{2B8EDB55-43F8-42E0-BD97-19DDAD1057A7}.Release|Any CPU.ActiveCfg = Release|Any CPU
		{2B8EDB55-43F8-42E0-BD97-19DDAD1057A7}.Release|Any CPU.Build.0 = Release|Any CPU
	EndGlobalSection
	GlobalSection(SolutionProperties) = preSolution
		HideSolutionNode = FALSE
	EndGlobalSection
EndGlobal
